// !$*UTF8*$!
{
	archiveVersion = 1;
	classes = {
	};
	objectVersion = 50;
	objects = {

/* Begin PBXBuildFile section */
		CF047ADD21B4D8D9002280BF /* AppDelegate.swift in Sources */ = {isa = PBXBuildFile; fileRef = CF047ADC21B4D8D9002280BF /* AppDelegate.swift */; };
		CF047ADF21B4D8D9002280BF /* ViewController.swift in Sources */ = {isa = PBXBuildFile; fileRef = CF047ADE21B4D8D9002280BF /* ViewController.swift */; };
		CF047AE221B4D8D9002280BF /* Main.storyboard in Resources */ = {isa = PBXBuildFile; fileRef = CF047AE021B4D8D9002280BF /* Main.storyboard */; };
		CF047AE421B4D8DA002280BF /* Assets.xcassets in Resources */ = {isa = PBXBuildFile; fileRef = CF047AE321B4D8DA002280BF /* Assets.xcassets */; };
		CF047AE721B4D8DA002280BF /* LaunchScreen.storyboard in Resources */ = {isa = PBXBuildFile; fileRef = CF047AE521B4D8DA002280BF /* LaunchScreen.storyboard */; };
		CF047AF021B4D92C002280BF /* API.swift in Sources */ = {isa = PBXBuildFile; fileRef = CF047AEF21B4D92C002280BF /* API.swift */; };
/* End PBXBuildFile section */

/* Begin PBXFileReference section */
		CF047AD921B4D8D9002280BF /* WelNetworking.app */ = {isa = PBXFileReference; explicitFileType = wrapper.application; includeInIndex = 0; path = WelNetworking.app; sourceTree = BUILT_PRODUCTS_DIR; };
		CF047ADC21B4D8D9002280BF /* AppDelegate.swift */ = {isa = PBXFileReference; lastKnownFileType = sourcecode.swift; path = AppDelegate.swift; sourceTree = "<group>"; };
		CF047ADE21B4D8D9002280BF /* ViewController.swift */ = {isa = PBXFileReference; lastKnownFileType = sourcecode.swift; path = ViewController.swift; sourceTree = "<group>"; };
		CF047AE121B4D8D9002280BF /* Base */ = {isa = PBXFileReference; lastKnownFileType = file.storyboard; name = Base; path = Base.lproj/Main.storyboard; sourceTree = "<group>"; };
		CF047AE321B4D8DA002280BF /* Assets.xcassets */ = {isa = PBXFileReference; lastKnownFileType = folder.assetcatalog; path = Assets.xcassets; sourceTree = "<group>"; };
		CF047AE621B4D8DA002280BF /* Base */ = {isa = PBXFileReference; lastKnownFileType = file.storyboard; name = Base; path = Base.lproj/LaunchScreen.storyboard; sourceTree = "<group>"; };
		CF047AE821B4D8DA002280BF /* Info.plist */ = {isa = PBXFileReference; lastKnownFileType = text.plist.xml; path = Info.plist; sourceTree = "<group>"; };
		CF047AEF21B4D92C002280BF /* API.swift */ = {isa = PBXFileReference; fileEncoding = 4; lastKnownFileType = sourcecode.swift; path = API.swift; sourceTree = "<group>"; };
/* End PBXFileReference section */

/* Begin PBXFrameworksBuildPhase section */
		CF047AD621B4D8D9002280BF /* Frameworks */ = {
			isa = PBXFrameworksBuildPhase;
			buildActionMask = 2147483647;
			files = (
			);
			runOnlyForDeploymentPostprocessing = 0;
		};
/* End PBXFrameworksBuildPhase section */

/* Begin PBXGroup section */
		CF047AD021B4D8D9002280BF = {
			isa = PBXGroup;
			children = (
				CF047ADB21B4D8D9002280BF /* WelNetworking */,
				CF047ADA21B4D8D9002280BF /* Products */,
			);
			sourceTree = "<group>";
		};
		CF047ADA21B4D8D9002280BF /* Products */ = {
			isa = PBXGroup;
			children = (
				CF047AD921B4D8D9002280BF /* WelNetworking.app */,
			);
			name = Products;
			sourceTree = "<group>";
		};
		CF047ADB21B4D8D9002280BF /* WelNetworking */ = {
			isa = PBXGroup;
			children = (
				CF047AEE21B4D92C002280BF /* utils */,
				CF047ADC21B4D8D9002280BF /* AppDelegate.swift */,
				CF047ADE21B4D8D9002280BF /* ViewController.swift */,
				CF047AE021B4D8D9002280BF /* Main.storyboard */,
				CF047AE321B4D8DA002280BF /* Assets.xcassets */,
				CF047AE521B4D8DA002280BF /* LaunchScreen.storyboard */,
				CF047AE821B4D8DA002280BF /* Info.plist */,
			);
			path = WelNetworking;
			sourceTree = "<group>";
		};
		CF047AEE21B4D92C002280BF /* utils */ = {
			isa = PBXGroup;
			children = (
				CF047AEF21B4D92C002280BF /* API.swift */,
			);
			path = utils;
			sourceTree = "<group>";
		};
/* End PBXGroup section */

/* Begin PBXNativeTarget section */
		CF047AD821B4D8D9002280BF /* WelNetworking */ = {
			isa = PBXNativeTarget;
			buildConfigurationList = CF047AEB21B4D8DB002280BF /* Build configuration list for PBXNativeTarget "WelNetworking" */;
			buildPhases = (
				CF047AD521B4D8D9002280BF /* Sources */,
				CF047AD621B4D8D9002280BF /* Frameworks */,
				CF047AD721B4D8D9002280BF /* Resources */,
			);
			buildRules = (
			);
			dependencies = (
			);
			name = WelNetworking;
			productName = WelNetworking;
			productReference = CF047AD921B4D8D9002280BF /* WelNetworking.app */;
			productType = "com.apple.product-type.application";
		};
/* End PBXNativeTarget section */

/* Begin PBXProject section */
		CF047AD121B4D8D9002280BF /* Project object */ = {
			isa = PBXProject;
			attributes = {
				LastSwiftUpdateCheck = 1010;
				LastUpgradeCheck = 1010;
				ORGANIZATIONNAME = tomfriwel;
				TargetAttributes = {
					CF047AD821B4D8D9002280BF = {
						CreatedOnToolsVersion = 10.1;
					};
				};
			};
			buildConfigurationList = CF047AD421B4D8D9002280BF /* Build configuration list for PBXProject "WelNetworking" */;
			compatibilityVersion = "Xcode 9.3";
			developmentRegion = en;
			hasScannedForEncodings = 0;
			knownRegions = (
				en,
				Base,
			);
			mainGroup = CF047AD021B4D8D9002280BF;
			productRefGroup = CF047ADA21B4D8D9002280BF /* Products */;
			projectDirPath = "";
			projectRoot = "";
			targets = (
				CF047AD821B4D8D9002280BF /* WelNetworking */,
			);
		};
/* End PBXProject section */

/* Begin PBXResourcesBuildPhase section */
		CF047AD721B4D8D9002280BF /* Resources */ = {
			isa = PBXResourcesBuildPhase;
			buildActionMask = 2147483647;
			files = (
				CF047AE721B4D8DA002280BF /* LaunchScreen.storyboard in Resources */,
				CF047AE421B4D8DA002280BF /* Assets.xcassets in Resources */,
				CF047AE221B4D8D9002280BF /* Main.storyboard in Resources */,
			);
			runOnlyForDeploymentPostprocessing = 0;
		};
/* End PBXResourcesBuildPhase section */

/* Begin PBXSourcesBuildPhase section */
		CF047AD521B4D8D9002280BF /* Sources */ = {
			isa = PBXSourcesBuildPhase;
			buildActionMask = 2147483647;
			files = (
				CF047ADF21B4D8D9002280BF /* ViewController.swift in Sources */,
				CF047AF021B4D92C002280BF /* API.swift in Sources */,
				CF047ADD21B4D8D9002280BF /* AppDelegate.swift in Sources */,
			);
			runOnlyForDeploymentPostprocessing = 0;
		};
/* End PBXSourcesBuildPhase section */

/* Begin PBXVariantGroup section */
		CF047AE021B4D8D9002280BF /* Main.storyboard */ = {
			isa = PBXVariantGroup;
			children = (
				CF047AE121B4D8D9002280BF /* Base */,
			);
			name = Main.storyboard;
			sourceTree = "<group>";
		};
		CF047AE521B4D8DA002280BF /* LaunchScreen.storyboard */ = {
			isa = PBXVariantGroup;
			children = (
				CF047AE621B4D8DA002280BF /* Base */,
			);
			name = LaunchScreen.storyboard;
			sourceTree = "<group>";
		};
/* End PBXVariantGroup section */

/* Begin XCBuildConfiguration section */
		CF047AE921B4D8DB002280BF /* Debug */ = {
			isa = XCBuildConfiguration;
			buildSettings = {
				ALWAYS_SEARCH_USER_PATHS = NO;
				CLANG_ANALYZER_NONNULL = YES;
				CLANG_ANALYZER_NUMBER_OBJECT_CONVERSION = YES_AGGRESSIVE;
				CLANG_CXX_LANGUAGE_STANDARD = "gnu++14";
				CLANG_CXX_LIBRARY = "libc++";
				CLANG_ENABLE_MODULES = YES;
				CLANG_ENABLE_OBJC_ARC = YES;
				CLANG_ENABLE_OBJC_WEAK = YES;
				CLANG_WARN_BLOCK_CAPTURE_AUTORELEASING = YES;
				CLANG_WARN_BOOL_CONVERSION = YES;
				CLANG_WARN_COMMA = YES;
				CLANG_WARN_CONSTANT_CONVERSION = YES;
				CLANG_WARN_DEPRECATED_OBJC_IMPLEMENTATIONS = YES;
				CLANG_WARN_DIRECT_OBJC_ISA_USAGE = YES_ERROR;
				CLANG_WARN_DOCUMENTATION_COMMENTS = YES;
				CLANG_WARN_EMPTY_BODY = YES;
				CLANG_WARN_ENUM_CONVERSION = YES;
				CLANG_WARN_INFINITE_RECURSION = YES;
				CLANG_WARN_INT_CONVERSION = YES;
				CLANG_WARN_NON_LITERAL_NULL_CONVERSION = YES;
				CLANG_WARN_OBJC_IMPLICIT_RETAIN_SELF = YES;
				CLANG_WARN_OBJC_LITERAL_CONVERSION = YES;
				CLANG_WARN_OBJC_ROOT_CLASS = YES_ERROR;
				CLANG_WARN_RANGE_LOOP_ANALYSIS = YES;
				CLANG_WARN_STRICT_PROTOTYPES = YES;
				CLANG_WARN_SUSPICIOUS_MOVE = YES;
				CLANG_WARN_UNGUARDED_AVAILABILITY = YES_AGGRESSIVE;
				CLANG_WARN_UNREACHABLE_CODE = YES;
				CLANG_WARN__DUPLICATE_METHOD_MATCH = YES;
				CODE_SIGN_IDENTITY = "iPhone Developer";
				COPY_PHASE_STRIP = NO;
				DEBUG_INFORMATION_FORMAT = dwarf;
				ENABLE_STRICT_OBJC_MSGSEND = YES;
				ENABLE_TESTABILITY = YES;
				GCC_C_LANGUAGE_STANDARD = gnu11;
				GCC_DYNAMIC_NO_PIC = NO;
				GCC_NO_COMMON_BLOCKS = YES;
				GCC_OPTIMIZATION_LEVEL = 0;
				GCC_PREPROCESSOR_DEFINITIONS = (
					"DEBUG=1",
					"$(inherited)",
				);
				GCC_WARN_64_TO_32_BIT_CONVERSION = YES;
				GCC_WARN_ABOUT_RETURN_TYPE = YES_ERROR;
				GCC_WARN_UNDECLARED_SELECTOR = YES;
				GCC_WARN_UNINITIALIZED_AUTOS = YES_AGGRESSIVE;
				GCC_WARN_UNUSED_FUNCTION = YES;
				GCC_WARN_UNUSED_VARIABLE = YES;
				IPHONEOS_DEPLOYMENT_TARGET = 12.1;
				MTL_ENABLE_DEBUG_INFO = INCLUDE_SOURCE;
				MTL_FAST_MATH = YES;
				ONLY_ACTIVE_ARCH = YES;
				SDKROOT = iphoneos;
				SWIFT_ACTIVE_COMPILATION_CONDITIONS = DEBUG;
				SWIFT_OPTIMIZATION_LEVEL = "-Onone";
			};
			name = Debug;
		};
		CF047AEA21B4D8DB002280BF /* Release */ = {
			isa = XCBuildConfiguration;
			buildSettings = {
				ALWAYS_SEARCH_USER_PATHS = NO;
				CLANG_ANALYZER_NONNULL = YES;
				CLANG_ANALYZER_NUMBER_OBJECT_CONVERSION = YES_AGGRESSIVE;
				CLANG_CXX_LANGUAGE_STANDARD = "gnu++14";
				CLANG_CXX_LIBRARY = "libc++";
				CLANG_ENABLE_MODULES = YES;
				CLANG_ENABLE_OBJC_ARC = YES;
				CLANG_ENABLE_OBJC_WEAK = YES;
				CLANG_WARN_BLOCK_CAPTURE_AUTORELEASING = YES;
				CLANG_WARN_BOOL_CONVERSION = YES;
				CLANG_WARN_COMMA = YES;
				CLANG_WARN_CONSTANT_CONVERSION = YES;
				CLANG_WARN_DEPRECATED_OBJC_IMPLEMENTATIONS = YES;
				CLANG_WARN_DIRECT_OBJC_ISA_USAGE = YES_ERROR;
				CLANG_WARN_DOCUMENTATION_COMMENTS = YES;
				CLANG_WARN_EMPTY_BODY = YES;
				CLANG_WARN_ENUM_CONVERSION = YES;
				CLANG_WARN_INFINITE_RECURSION = YES;
				CLANG_WARN_INT_CONVERSION = YES;
				CLANG_WARN_NON_LITERAL_NULL_CONVERSION = YES;
				CLANG_WARN_OBJC_IMPLICIT_RETAIN_SELF = YES;
				CLANG_WARN_OBJC_LITERAL_CONVERSION = YES;
				CLANG_WARN_OBJC_ROOT_CLASS = YES_ERROR;
				CLANG_WARN_RANGE_LOOP_ANALYSIS = YES;
				CLANG_WARN_STRICT_PROTOTYPES = YES;
				CLANG_WARN_SUSPICIOUS_MOVE = YES;
				CLANG_WARN_UNGUARDED_AVAILABILITY = YES_AGGRESSIVE;
				CLANG_WARN_UNREACHABLE_CODE = YES;
				CLANG_WARN__DUPLICATE_METHOD_MATCH = YES;
				CODE_SIGN_IDENTITY = "iPhone Developer";
				COPY_PHASE_STRIP = NO;
				DEBUG_INFORMATION_FORMAT = "dwarf-with-dsym";
				ENABLE_NS_ASSERTIONS = NO;
				ENABLE_STRICT_OBJC_MSGSEND = YES;
				GCC_C_LANGUAGE_STANDARD = gnu11;
				GCC_NO_COMMON_BLOCKS = YES;
				GCC_WARN_64_TO_32_BIT_CONVERSION = YES;
				GCC_WARN_ABOUT_RETURN_TYPE = YES_ERROR;
				GCC_WARN_UNDECLARED_SELECTOR = YES;
				GCC_WARN_UNINITIALIZED_AUTOS = YES_AGGRESSIVE;
				GCC_WARN_UNUSED_FUNCTION = YES;
				GCC_WARN_UNUSED_VARIABLE = YES;
				IPHONEOS_DEPLOYMENT_TARGET = 12.1;
				MTL_ENABLE_DEBUG_INFO = NO;
				MTL_FAST_MATH = YES;
				SDKROOT = iphoneos;
				SWIFT_COMPILATION_MODE = wholemodule;
				SWIFT_OPTIMIZATION_LEVEL = "-O";
				VALIDATE_PRODUCT = YES;
			};
			name = Release;
		};
		CF047AEC21B4D8DB002280BF /* Debug */ = {
			isa = XCBuildConfiguration;
			buildSettings = {
				ASSETCATALOG_COMPILER_APPICON_NAME = AppIcon;
				CODE_SIGN_STYLE = Automatic;
				DEVELOPMENT_TEAM = T5EW9858SB;
				INFOPLIST_FILE = WelNetworking/Info.plist;
				LD_RUNPATH_SEARCH_PATHS = (
					"$(inherited)",
					"@executable_path/Frameworks",
				);
				PRODUCT_BUNDLE_IDENTIFIER = tomfriwel.com.WelNetworking;
				PRODUCT_NAME = "$(TARGET_NAME)";
				SWIFT_VERSION = 4.2;
				TARGETED_DEVICE_FAMILY = "1,2";
			};
			name = Debug;
		};
		CF047AED21B4D8DB002280BF /* Release */ = {
			isa = XCBuildConfiguration;
			buildSettings = {
				ASSETCATALOG_COMPILER_APPICON_NAME = AppIcon;
				CODE_SIGN_STYLE = Automatic;
				DEVELOPMENT_TEAM = T5EW9858SB;
				INFOPLIST_FILE = WelNetworking/Info.plist;
				LD_RUNPATH_SEARCH_PATHS = (
					"$(inherited)",
					"@executable_path/Frameworks",
				);
				PRODUCT_BUNDLE_IDENTIFIER = tomfriwel.com.WelNetworking;
				PRODUCT_NAME = "$(TARGET_NAME)";
				SWIFT_VERSION = 4.2;
				TARGETED_DEVICE_FAMILY = "1,2";
			};
			name = Release;
		};
/* End XCBuildConfiguration section */

/* Begin XCConfigurationList section */
		CF047AD421B4D8D9002280BF /* Build configuration list for PBXProject "WelNetworking" */ = {
			isa = XCConfigurationList;
			buildConfigurations = (
				CF047AE921B4D8DB002280BF /* Debug */,
				CF047AEA21B4D8DB002280BF /* Release */,
			);
			defaultConfigurationIsVisible = 0;
			defaultConfigurationName = Release;
		};
		CF047AEB21B4D8DB002280BF /* Build configuration list for PBXNativeTarget "WelNetworking" */ = {
			isa = XCConfigurationList;
			buildConfigurations = (
				CF047AEC21B4D8DB002280BF /* Debug */,
				CF047AED21B4D8DB002280BF /* Release */,
			);
			defaultConfigurationIsVisible = 0;
			defaultConfigurationName = Release;
		};
/* End XCConfigurationList section */
	};
	rootObject = CF047AD121B4D8D9002280BF /* Project object */;
}
